
Microsoft Visual Studio Solution File, Format Version 11.00
# Visual Studio 2010
Project("{FAE04EC0-301F-11D3-BF4B-00C04F79EFBC}") = "VRTEST", "Assembly-CSharp.csproj", "{107B1CCA-E002-EF9A-6CC9-8B40C40DA9AC}"
EndProject
Project("{FAE04EC0-301F-11D3-BF4B-00C04F79EFBC}") = "VRTEST", "Assembly-CSharp-Editor.csproj", "{97B180A3-D18D-EAE8-3B90-FDCFB359ED89}"
EndProject
Global
	GlobalSection(SolutionConfigurationPlatforms) = preSolution
		Debug|Any CPU = Debug|Any CPU
		Release|Any CPU = Release|Any CPU
	EndGlobalSection
	GlobalSection(ProjectConfigurationPlatforms) = postSolution
		{107B1CCA-E002-EF9A-6CC9-8B40C40DA9AC}.Debug|Any CPU.ActiveCfg = Debug|Any CPU
		{107B1CCA-E002-EF9A-6CC9-8B40C40DA9AC}.Debug|Any CPU.Build.0 = Debug|Any CPU
		{107B1CCA-E002-EF9A-6CC9-8B40C40DA9AC}.Release|Any CPU.ActiveCfg = Release|Any CPU
		{107B1CCA-E002-EF9A-6CC9-8B40C40DA9AC}.Release|Any CPU.Build.0 = Release|Any CPU
		{97B180A3-D18D-EAE8-3B90-FDCFB359ED89}.Debug|Any CPU.ActiveCfg = Debug|Any CPU
		{97B180A3-D18D-EAE8-3B90-FDCFB359ED89}.Debug|Any CPU.Build.0 = Debug|Any CPU
		{97B180A3-D18D-EAE8-3B90-FDCFB359ED89}.Release|Any CPU.ActiveCfg = Release|Any CPU
		{97B180A3-D18D-EAE8-3B90-FDCFB359ED89}.Release|Any CPU.Build.0 = Release|Any CPU
	EndGlobalSection
	GlobalSection(SolutionProperties) = preSolution
		HideSolutionNode = FALSE
	EndGlobalSection
	GlobalSection(MonoDevelopProperties) = preSolution
		StartupItem = Assembly-CSharp.csproj
	EndGlobalSection
EndGlobal
